# This file is automatically @generated by Cargo.
# It is not intended for manual editing.
version = 4

[[package]]
name = "app_builder"
version = "0.0.1"

[[package]]
name = "app_packager"
version = "0.0.1"

[[package]]
name = "app_publisher"
version = "0.0.1"

[[package]]
name = "fastforge"
version = "0.0.1"
